
Microsoft Visual Studio Solution File, Format Version 11.00
# Visual Studio 2010
Project("{FAE04EC0-301F-11D3-BF4B-00C04F79EFBC}") = "DataObject", "DataObject\DataObject.csproj", "{A5497274-C07E-4683-92A3-8A880A090D6C}"
EndProject
Project("{FAE04EC0-301F-11D3-BF4B-00C04F79EFBC}") = "Sendang.Rejeki", "Sendang.Rejeki\Sendang.Rejeki.csproj", "{C516F646-3488-4887-A3AB-A9B3E486C295}"
EndProject
Global
	GlobalSection(SolutionConfigurationPlatforms) = preSolution
		Debug|Any CPU = Debug|Any CPU
		Debug|Mixed Platforms = Debug|Mixed Platforms
		Debug|x86 = Debug|x86
		Release|Any CPU = Release|Any CPU
		Release|Mixed Platforms = Release|Mixed Platforms
		Release|x86 = Release|x86
	EndGlobalSection
	GlobalSection(ProjectConfigurationPlatforms) = postSolution
		{A5497274-C07E-4683-92A3-8A880A090D6C}.Debug|Any CPU.ActiveCfg = Debug|Any CPU
		{A5497274-C07E-4683-92A3-8A880A090D6C}.Debug|Any CPU.Build.0 = Debug|Any CPU
		{A5497274-C07E-4683-92A3-8A880A090D6C}.Debug|Mixed Platforms.ActiveCfg = Debug|Any CPU
		{A5497274-C07E-4683-92A3-8A880A090D6C}.Debug|Mixed Platforms.Build.0 = Debug|Any CPU
		{A5497274-C07E-4683-92A3-8A880A090D6C}.Debug|x86.ActiveCfg = Debug|Any CPU
		{A5497274-C07E-4683-92A3-8A880A090D6C}.Release|Any CPU.ActiveCfg = Release|Any CPU
		{A5497274-C07E-4683-92A3-8A880A090D6C}.Release|Any CPU.Build.0 = Release|Any CPU
		{A5497274-C07E-4683-92A3-8A880A090D6C}.Release|Mixed Platforms.ActiveCfg = Release|Any CPU
		{A5497274-C07E-4683-92A3-8A880A090D6C}.Release|Mixed Platforms.Build.0 = Release|Any CPU
		{A5497274-C07E-4683-92A3-8A880A090D6C}.Release|x86.ActiveCfg = Release|Any CPU
		{C516F646-3488-4887-A3AB-A9B3E486C295}.Debug|Any CPU.ActiveCfg = Debug|x86
		{C516F646-3488-4887-A3AB-A9B3E486C295}.Debug|Mixed Platforms.ActiveCfg = Debug|x86
		{C516F646-3488-4887-A3AB-A9B3E486C295}.Debug|Mixed Platforms.Build.0 = Debug|x86
		{C516F646-3488-4887-A3AB-A9B3E486C295}.Debug|x86.ActiveCfg = Debug|x86
		{C516F646-3488-4887-A3AB-A9B3E486C295}.Debug|x86.Build.0 = Debug|x86
		{C516F646-3488-4887-A3AB-A9B3E486C295}.Release|Any CPU.ActiveCfg = Release|x86
		{C516F646-3488-4887-A3AB-A9B3E486C295}.Release|Mixed Platforms.ActiveCfg = Release|x86
		{C516F646-3488-4887-A3AB-A9B3E486C295}.Release|Mixed Platforms.Build.0 = Release|x86
		{C516F646-3488-4887-A3AB-A9B3E486C295}.Release|x86.ActiveCfg = Release|x86
		{C516F646-3488-4887-A3AB-A9B3E486C295}.Release|x86.Build.0 = Release|x86
	EndGlobalSection
	GlobalSection(SolutionProperties) = preSolution
		HideSolutionNode = FALSE
	EndGlobalSection
EndGlobal
